# THIS IS AN AUTOGENERATED FILE. DO NOT EDIT THIS FILE DIRECTLY.
# yarn lockfile v1


"@types/mocha@^2.2.41":
  version "2.2.42"
  resolved "https://registry.yarnpkg.com/@types/mocha/-/mocha-2.2.42.tgz#ab769f51d37646b6fe8d4a086a98c285b1fab3f5"

lit-html@^0.4.0:
  version "0.4.0"
  resolved "https://registry.yarnpkg.com/lit-html/-/lit-html-0.4.0.tgz#45e47c1d48eb808a22687e05fe5fd449168a033e"
  dependencies:
    "@types/mocha" "^2.2.41"

typescript@^2.4.2:
  version "2.5.1"
  resolved "https://registry.yarnpkg.com/typescript/-/typescript-2.5.1.tgz#ce7cc93ada3de19475cc9d17e3adea7aee1832aa"
