# THIS IS AN AUTOGENERATED FILE. DO NOT EDIT THIS FILE DIRECTLY.
# yarn lockfile v1


"@types/incremental-dom@^0.5.0":
  version "0.5.0"
  resolved "http://35.185.235.147/@types%2fincremental-dom/-/incremental-dom-0.5.0.tgz#d08d0efe031ab11dede70fe1b47289bedcfd4356"

incremental-dom@^0.5.1:
  version "0.5.1"
  resolved "http://35.185.235.147/incremental-dom/-/incremental-dom-0.5.1.tgz#52f4539c3e9eee7cd112a6da052fb7162fefb0c3"
